
Microsoft Visual Studio Solution File, Format Version 12.00
# Visual Studio Version 17
VisualStudioVersion = 17.14.36518.9 d17.14
MinimumVisualStudioVersion = 10.0.40219.1
Project("{FAE04EC0-301F-11D3-BF4B-00C04F79EFBC}") = "kalkulator_tyasseptiani_xpplg1", "kalkulator_tyasseptiani_xpplg1\kalkulator_tyasseptiani_xpplg1.csproj", "{C410CC01-B9CA-4DDF-B6AC-27EBF7954A02}"
EndProject
Global
	GlobalSection(SolutionConfigurationPlatforms) = preSolution
		Debug|Any CPU = Debug|Any CPU
		Release|Any CPU = Release|Any CPU
	EndGlobalSection
	GlobalSection(ProjectConfigurationPlatforms) = postSolution
		{C410CC01-B9CA-4DDF-B6AC-27EBF7954A02}.Debug|Any CPU.ActiveCfg = Debug|Any CPU
		{C410CC01-B9CA-4DDF-B6AC-27EBF7954A02}.Debug|Any CPU.Build.0 = Debug|Any CPU
		{C410CC01-B9CA-4DDF-B6AC-27EBF7954A02}.Release|Any CPU.ActiveCfg = Release|Any CPU
		{C410CC01-B9CA-4DDF-B6AC-27EBF7954A02}.Release|Any CPU.Build.0 = Release|Any CPU
	EndGlobalSection
	GlobalSection(SolutionProperties) = preSolution
		HideSolutionNode = FALSE
	EndGlobalSection
	GlobalSection(ExtensibilityGlobals) = postSolution
		SolutionGuid = {7B8B72D6-D194-458F-AA1C-BA6808B1A4B9}
	EndGlobalSection
EndGlobal
