
Microsoft Visual Studio Solution File, Format Version 12.00
# Visual Studio Version 17
VisualStudioVersion = 17.14.36518.9 d17.14
MinimumVisualStudioVersion = 10.0.40219.1
Project("{FAE04EC0-301F-11D3-BF4B-00C04F79EFBC}") = "praktik7.3_tyasseptiani_xpplg1", "praktik7.3_tyasseptiani_xpplg1\praktik7.3_tyasseptiani_xpplg1.csproj", "{F751DF25-1663-4941-BA94-D84FE8AF6CA0}"
EndProject
Global
	GlobalSection(SolutionConfigurationPlatforms) = preSolution
		Debug|Any CPU = Debug|Any CPU
		Release|Any CPU = Release|Any CPU
	EndGlobalSection
	GlobalSection(ProjectConfigurationPlatforms) = postSolution
		{F751DF25-1663-4941-BA94-D84FE8AF6CA0}.Debug|Any CPU.ActiveCfg = Debug|Any CPU
		{F751DF25-1663-4941-BA94-D84FE8AF6CA0}.Debug|Any CPU.Build.0 = Debug|Any CPU
		{F751DF25-1663-4941-BA94-D84FE8AF6CA0}.Release|Any CPU.ActiveCfg = Release|Any CPU
		{F751DF25-1663-4941-BA94-D84FE8AF6CA0}.Release|Any CPU.Build.0 = Release|Any CPU
	EndGlobalSection
	GlobalSection(SolutionProperties) = preSolution
		HideSolutionNode = FALSE
	EndGlobalSection
	GlobalSection(ExtensibilityGlobals) = postSolution
		SolutionGuid = {A5ECB447-3AB0-4C16-ACC2-AEF2D9072D2F}
	EndGlobalSection
EndGlobal
