
Microsoft Visual Studio Solution File, Format Version 12.00
# Visual Studio Version 17
VisualStudioVersion = 17.14.36518.9 d17.14
MinimumVisualStudioVersion = 10.0.40219.1
Project("{FAE04EC0-301F-11D3-BF4B-00C04F79EFBC}") = "praktik5.3_tyasseptiani_xpplg1", "praktik5.3_tyasseptiani_xpplg1\praktik5.3_tyasseptiani_xpplg1.csproj", "{609F89D3-6A05-4511-94B8-3344C79409CC}"
EndProject
Global
	GlobalSection(SolutionConfigurationPlatforms) = preSolution
		Debug|Any CPU = Debug|Any CPU
		Release|Any CPU = Release|Any CPU
	EndGlobalSection
	GlobalSection(ProjectConfigurationPlatforms) = postSolution
		{609F89D3-6A05-4511-94B8-3344C79409CC}.Debug|Any CPU.ActiveCfg = Debug|Any CPU
		{609F89D3-6A05-4511-94B8-3344C79409CC}.Debug|Any CPU.Build.0 = Debug|Any CPU
		{609F89D3-6A05-4511-94B8-3344C79409CC}.Release|Any CPU.ActiveCfg = Release|Any CPU
		{609F89D3-6A05-4511-94B8-3344C79409CC}.Release|Any CPU.Build.0 = Release|Any CPU
	EndGlobalSection
	GlobalSection(SolutionProperties) = preSolution
		HideSolutionNode = FALSE
	EndGlobalSection
	GlobalSection(ExtensibilityGlobals) = postSolution
		SolutionGuid = {DDBF4553-992A-49D8-B089-6124DD4FBF1F}
	EndGlobalSection
EndGlobal
